
Microsoft Visual Studio Solution File, Format Version 12.00
# Visual Studio Version 17
VisualStudioVersion = 17.9.34723.18
MinimumVisualStudioVersion = 10.0.40219.1
Project("{9A19103F-16F7-4668-BE54-9A1E7A4F7556}") = "GerenciadorImoveis.Dominio", "GerenciadorImoveis.Dominio\GerenciadorImoveis.Dominio.csproj", "{D57952A9-BC5C-4724-9E84-CF63927DE3C8}"
EndProject
Project("{9A19103F-16F7-4668-BE54-9A1E7A4F7556}") = "GerenciadorImoveis.Infraestrutura", "GerenciadorImoveis.Infraestrutura\GerenciadorImoveis.Infraestrutura.csproj", "{23D9FD74-7C60-45DA-943F-424635EE80CC}"
EndProject
Project("{9A19103F-16F7-4668-BE54-9A1E7A4F7556}") = "GerenciadorImoveis.API", "GerenciadorImoveis.API\GerenciadorImoveis.API.csproj", "{C697E59B-7486-43CD-B44E-D81837C33C30}"
EndProject
Project("{FAE04EC0-301F-11D3-BF4B-00C04F79EFBC}") = "GerenciadorImoveis.WebApp", "GerenciadorImoveis.WebApp\GerenciadorImoveis.WebApp.csproj", "{DC447948-60D0-41EF-A26A-68FC66E75697}"
EndProject
Global
	GlobalSection(SolutionConfigurationPlatforms) = preSolution
		Debug|Any CPU = Debug|Any CPU
		Release|Any CPU = Release|Any CPU
	EndGlobalSection
	GlobalSection(ProjectConfigurationPlatforms) = postSolution
		{D57952A9-BC5C-4724-9E84-CF63927DE3C8}.Debug|Any CPU.ActiveCfg = Debug|Any CPU
		{D57952A9-BC5C-4724-9E84-CF63927DE3C8}.Debug|Any CPU.Build.0 = Debug|Any CPU
		{D57952A9-BC5C-4724-9E84-CF63927DE3C8}.Release|Any CPU.ActiveCfg = Release|Any CPU
		{D57952A9-BC5C-4724-9E84-CF63927DE3C8}.Release|Any CPU.Build.0 = Release|Any CPU
		{23D9FD74-7C60-45DA-943F-424635EE80CC}.Debug|Any CPU.ActiveCfg = Debug|Any CPU
		{23D9FD74-7C60-45DA-943F-424635EE80CC}.Debug|Any CPU.Build.0 = Debug|Any CPU
		{23D9FD74-7C60-45DA-943F-424635EE80CC}.Release|Any CPU.ActiveCfg = Release|Any CPU
		{23D9FD74-7C60-45DA-943F-424635EE80CC}.Release|Any CPU.Build.0 = Release|Any CPU
		{C697E59B-7486-43CD-B44E-D81837C33C30}.Debug|Any CPU.ActiveCfg = Debug|Any CPU
		{C697E59B-7486-43CD-B44E-D81837C33C30}.Debug|Any CPU.Build.0 = Debug|Any CPU
		{C697E59B-7486-43CD-B44E-D81837C33C30}.Release|Any CPU.ActiveCfg = Release|Any CPU
		{C697E59B-7486-43CD-B44E-D81837C33C30}.Release|Any CPU.Build.0 = Release|Any CPU
		{DC447948-60D0-41EF-A26A-68FC66E75697}.Debug|Any CPU.ActiveCfg = Debug|Any CPU
		{DC447948-60D0-41EF-A26A-68FC66E75697}.Debug|Any CPU.Build.0 = Debug|Any CPU
		{DC447948-60D0-41EF-A26A-68FC66E75697}.Release|Any CPU.ActiveCfg = Release|Any CPU
		{DC447948-60D0-41EF-A26A-68FC66E75697}.Release|Any CPU.Build.0 = Release|Any CPU
	EndGlobalSection
	GlobalSection(SolutionProperties) = preSolution
		HideSolutionNode = FALSE
	EndGlobalSection
	GlobalSection(ExtensibilityGlobals) = postSolution
		SolutionGuid = {5E87BCFF-74CA-4B6D-A108-4B2EDDB7D7C9}
	EndGlobalSection
EndGlobal
